
Microsoft Visual Studio Solution File, Format Version 12.00
# Visual Studio Version 17
VisualStudioVersion = 17.5.002.0
MinimumVisualStudioVersion = 10.0.40219.1
Project("{9A19103F-16F7-4668-BE54-9A1E7A4F7556}") = "DesafioPOO", "DesafioPOO.csproj", "{54F943B8-5AD7-4D00-B758-24600E56ED29}"
EndProject
Global
	GlobalSection(SolutionConfigurationPlatforms) = preSolution
		Debug|Any CPU = Debug|Any CPU
		Release|Any CPU = Release|Any CPU
	EndGlobalSection
	GlobalSection(ProjectConfigurationPlatforms) = postSolution
		{54F943B8-5AD7-4D00-B758-24600E56ED29}.Debug|Any CPU.ActiveCfg = Debug|Any CPU
		{54F943B8-5AD7-4D00-B758-24600E56ED29}.Debug|Any CPU.Build.0 = Debug|Any CPU
		{54F943B8-5AD7-4D00-B758-24600E56ED29}.Release|Any CPU.ActiveCfg = Release|Any CPU
		{54F943B8-5AD7-4D00-B758-24600E56ED29}.Release|Any CPU.Build.0 = Release|Any CPU
	EndGlobalSection
	GlobalSection(SolutionProperties) = preSolution
		HideSolutionNode = FALSE
	EndGlobalSection
	GlobalSection(ExtensibilityGlobals) = postSolution
		SolutionGuid = {F0C02CEB-F6F5-4FB3-9B1C-9D52133A5A61}
	EndGlobalSection
EndGlobal
